
Microsoft Visual Studio Solution File, Format Version 12.00
# Visual Studio 14
VisualStudioVersion = 14.0.24720.0
MinimumVisualStudioVersion = 10.0.40219.1
Project("{FAE04EC0-301F-11D3-BF4B-00C04F79EFBC}") = "FinancialDic.Lib", "FinancialDic.Lib\FinancialDic.Lib.csproj", "{A53B3FCE-6793-4E86-8B71-7986FD0FE1CF}"
EndProject
Project("{FAE04EC0-301F-11D3-BF4B-00C04F79EFBC}") = "FinancialDic.Load", "FinancialDic.Load\FinancialDic.Load.csproj", "{6E689713-9A60-4F0A-B96A-D9CC7087C89C}"
EndProject
Project("{FAE04EC0-301F-11D3-BF4B-00C04F79EFBC}") = "FinancialDic.WinApp", "FinancialDic.WinApp\FinancialDic.WinApp.csproj", "{0927FE8E-F0DA-4B94-8DFC-3C4591B5A9B9}"
EndProject
Global
	GlobalSection(SolutionConfigurationPlatforms) = preSolution
		Debug|Any CPU = Debug|Any CPU
		Release|Any CPU = Release|Any CPU
	EndGlobalSection
	GlobalSection(ProjectConfigurationPlatforms) = postSolution
		{A53B3FCE-6793-4E86-8B71-7986FD0FE1CF}.Debug|Any CPU.ActiveCfg = Debug|Any CPU
		{A53B3FCE-6793-4E86-8B71-7986FD0FE1CF}.Debug|Any CPU.Build.0 = Debug|Any CPU
		{A53B3FCE-6793-4E86-8B71-7986FD0FE1CF}.Release|Any CPU.ActiveCfg = Release|Any CPU
		{A53B3FCE-6793-4E86-8B71-7986FD0FE1CF}.Release|Any CPU.Build.0 = Release|Any CPU
		{6E689713-9A60-4F0A-B96A-D9CC7087C89C}.Debug|Any CPU.ActiveCfg = Debug|Any CPU
		{6E689713-9A60-4F0A-B96A-D9CC7087C89C}.Debug|Any CPU.Build.0 = Debug|Any CPU
		{6E689713-9A60-4F0A-B96A-D9CC7087C89C}.Release|Any CPU.ActiveCfg = Release|Any CPU
		{6E689713-9A60-4F0A-B96A-D9CC7087C89C}.Release|Any CPU.Build.0 = Release|Any CPU
		{0927FE8E-F0DA-4B94-8DFC-3C4591B5A9B9}.Debug|Any CPU.ActiveCfg = Debug|Any CPU
		{0927FE8E-F0DA-4B94-8DFC-3C4591B5A9B9}.Debug|Any CPU.Build.0 = Debug|Any CPU
		{0927FE8E-F0DA-4B94-8DFC-3C4591B5A9B9}.Release|Any CPU.ActiveCfg = Release|Any CPU
		{0927FE8E-F0DA-4B94-8DFC-3C4591B5A9B9}.Release|Any CPU.Build.0 = Release|Any CPU
	EndGlobalSection
	GlobalSection(SolutionProperties) = preSolution
		HideSolutionNode = FALSE
	EndGlobalSection
EndGlobal
